
Microsoft Visual Studio Solution File, Format Version 12.00
# Visual Studio Version 17
VisualStudioVersion = 17.1.32414.318
MinimumVisualStudioVersion = 10.0.40219.1
Project("{FAE04EC0-301F-11D3-BF4B-00C04F79EFBC}") = "Pdf_generator", "Pdf_generator\Pdf_generator.csproj", "{10E93721-E36E-4408-9DF6-057F8C8A81BF}"
EndProject
Global
	GlobalSection(SolutionConfigurationPlatforms) = preSolution
		Debug|Any CPU = Debug|Any CPU
		Release|Any CPU = Release|Any CPU
	EndGlobalSection
	GlobalSection(ProjectConfigurationPlatforms) = postSolution
		{10E93721-E36E-4408-9DF6-057F8C8A81BF}.Debug|Any CPU.ActiveCfg = Debug|Any CPU
		{10E93721-E36E-4408-9DF6-057F8C8A81BF}.Debug|Any CPU.Build.0 = Debug|Any CPU
		{10E93721-E36E-4408-9DF6-057F8C8A81BF}.Release|Any CPU.ActiveCfg = Release|Any CPU
		{10E93721-E36E-4408-9DF6-057F8C8A81BF}.Release|Any CPU.Build.0 = Release|Any CPU
	EndGlobalSection
	GlobalSection(SolutionProperties) = preSolution
		HideSolutionNode = FALSE
	EndGlobalSection
	GlobalSection(ExtensibilityGlobals) = postSolution
		SolutionGuid = {15511583-1B22-43D6-BC1E-C5C0A235C84D}
	EndGlobalSection
EndGlobal
